// !$*UTF8*$!
{
	archiveVersion = 1;
	classes = {
	};
	objectVersion = 56;
	objects = {

/* Begin PBXBuildFile section */
		012082122D5F15F80067F979 /* Login.storyboard in Resources */ = {isa = PBXBuildFile; fileRef = 0120820F2D5F15F80067F979 /* Login.storyboard */; };
		012082132D5F15F80067F979 /* LoginViewController.swift in Sources */ = {isa = PBXBuildFile; fileRef = 012082102D5F15F80067F979 /* LoginViewController.swift */; };
		012082172D5F1A4C0067F979 /* UserModel.swift in Sources */ = {isa = PBXBuildFile; fileRef = 012082162D5F1A4C0067F979 /* UserModel.swift */; };
		0120821A2D5F1A730067F979 /* LoginViewModel.swift in Sources */ = {isa = PBXBuildFile; fileRef = 012082192D5F1A730067F979 /* LoginViewModel.swift */; };
		0120821E2D5F1AA20067F979 /* AuthServices.swift in Sources */ = {isa = PBXBuildFile; fileRef = 0120821D2D5F1AA20067F979 /* AuthServices.swift */; };
		012082212D5F1C880067F979 /* GoogleSignIn in Frameworks */ = {isa = PBXBuildFile; productRef = 012082202D5F1C880067F979 /* GoogleSignIn */; };
		012082232D5F1C880067F979 /* GoogleSignInSwift in Frameworks */ = {isa = PBXBuildFile; productRef = 012082222D5F1C880067F979 /* GoogleSignInSwift */; };
		012082282D5F2AFE0067F979 /* UserSessionManager.swift in Sources */ = {isa = PBXBuildFile; fileRef = 012082272D5F2AFE0067F979 /* UserSessionManager.swift */; };
		0120822B2D5F46FD0067F979 /* UIViewController+Ectention.swift in Sources */ = {isa = PBXBuildFile; fileRef = 0120822A2D5F46FD0067F979 /* UIViewController+Ectention.swift */; };
		0120823A2D5F5C890067F979 /* User.swift in Sources */ = {isa = PBXBuildFile; fileRef = 0120822C2D5F5C890067F979 /* User.swift */; };
		0120823B2D5F5C890067F979 /* APIClient.swift in Sources */ = {isa = PBXBuildFile; fileRef = 0120822E2D5F5C890067F979 /* APIClient.swift */; };
		0120823C2D5F5C890067F979 /* APIService.swift in Sources */ = {isa = PBXBuildFile; fileRef = 0120822F2D5F5C890067F979 /* APIService.swift */; };
		0120823D2D5F5C890067F979 /* UserRepository.swift in Sources */ = {isa = PBXBuildFile; fileRef = 012082312D5F5C890067F979 /* UserRepository.swift */; };
		0120823E2D5F5C890067F979 /* GetUserUseCase.swift in Sources */ = {isa = PBXBuildFile; fileRef = 012082332D5F5C890067F979 /* GetUserUseCase.swift */; };
		0120823F2D5F5C890067F979 /* UserViewModel.swift in Sources */ = {isa = PBXBuildFile; fileRef = 012082352D5F5C890067F979 /* UserViewModel.swift */; };
		012082402D5F5C890067F979 /* UserViewController.swift in Sources */ = {isa = PBXBuildFile; fileRef = 012082372D5F5C890067F979 /* UserViewController.swift */; };
		01333CCB2D4B4F9E00D2A019 /* CameraData.swift in Sources */ = {isa = PBXBuildFile; fileRef = 01333CCA2D4B4F9E00D2A019 /* CameraData.swift */; };
		01333CCF2D4B661800D2A019 /* SectionHeader.swift in Sources */ = {isa = PBXBuildFile; fileRef = 01333CCD2D4B661800D2A019 /* SectionHeader.swift */; };
		01333CD02D4B661800D2A019 /* SectionHeader.xib in Resources */ = {isa = PBXBuildFile; fileRef = 01333CCE2D4B661800D2A019 /* SectionHeader.xib */; };
		0192A5AE2D561FF7007D9236 /* FirebaseAuth in Frameworks */ = {isa = PBXBuildFile; productRef = 0192A5AD2D561FF7007D9236 /* FirebaseAuth */; };
		0192A5B02D561FF7007D9236 /* FirebaseCore in Frameworks */ = {isa = PBXBuildFile; productRef = 0192A5AF2D561FF7007D9236 /* FirebaseCore */; };
		01961BBF2D421FEF00E52E0F /* AppDelegate.swift in Sources */ = {isa = PBXBuildFile; fileRef = 01961BBE2D421FEF00E52E0F /* AppDelegate.swift */; };
		01961BC12D421FEF00E52E0F /* SceneDelegate.swift in Sources */ = {isa = PBXBuildFile; fileRef = 01961BC02D421FEF00E52E0F /* SceneDelegate.swift */; };
		01961BC32D421FEF00E52E0F /* ViewController.swift in Sources */ = {isa = PBXBuildFile; fileRef = 01961BC22D421FEF00E52E0F /* ViewController.swift */; };
		01961BC92D421FEF00E52E0F /* appdev.xcdatamodeld in Sources */ = {isa = PBXBuildFile; fileRef = 01961BC72D421FEF00E52E0F /* appdev.xcdatamodeld */; };
		01961BCB2D421FF200E52E0F /* Assets.xcassets in Resources */ = {isa = PBXBuildFile; fileRef = 01961BCA2D421FF200E52E0F /* Assets.xcassets */; };
		01961BD92D421FF200E52E0F /* appdevTests.swift in Sources */ = {isa = PBXBuildFile; fileRef = 01961BD82D421FF200E52E0F /* appdevTests.swift */; };
		01961BE32D421FF200E52E0F /* appdevUITests.swift in Sources */ = {isa = PBXBuildFile; fileRef = 01961BE22D421FF200E52E0F /* appdevUITests.swift */; };
		01961BE52D421FF200E52E0F /* appdevUITestsLaunchTests.swift in Sources */ = {isa = PBXBuildFile; fileRef = 01961BE42D421FF200E52E0F /* appdevUITestsLaunchTests.swift */; };
		01961BF22D42201B00E52E0F /* LoadingIndigetor.swift in Sources */ = {isa = PBXBuildFile; fileRef = 01961BF12D42201B00E52E0F /* LoadingIndigetor.swift */; };
		01A4054E2D54933400138B18 /* UIImage+Extention.swift in Sources */ = {isa = PBXBuildFile; fileRef = 01A4054B2D54933400138B18 /* UIImage+Extention.swift */; };
		01A4054F2D54933400138B18 /* UIView+Extention.swift in Sources */ = {isa = PBXBuildFile; fileRef = 01A4054C2D54933400138B18 /* UIView+Extention.swift */; };
		01A405512D561B4B00138B18 /* GoogleService-Info.plist in Resources */ = {isa = PBXBuildFile; fileRef = 01A405502D561B4B00138B18 /* GoogleService-Info.plist */; };
		01B3ECFA2D490BA3001FA70F /* Launch Screen.storyboard in Resources */ = {isa = PBXBuildFile; fileRef = 01B3ECF92D490BA3001FA70F /* Launch Screen.storyboard */; };
		01B3ECFC2D490BAE001FA70F /* Main.storyboard in Resources */ = {isa = PBXBuildFile; fileRef = 01B3ECFB2D490BAE001FA70F /* Main.storyboard */; };
		01B3ECFF2D490E13001FA70F /* CollectionViewCell.swift in Sources */ = {isa = PBXBuildFile; fileRef = 01B3ECFD2D490E13001FA70F /* CollectionViewCell.swift */; };
		01B3ED002D490E13001FA70F /* CollectionViewCell.xib in Resources */ = {isa = PBXBuildFile; fileRef = 01B3ECFE2D490E13001FA70F /* CollectionViewCell.xib */; };
		01CD0C252D50A658001B3122 /* WebView.swift in Sources */ = {isa = PBXBuildFile; fileRef = 01CD0C242D50A658001B3122 /* WebView.swift */; };
		01CD0C282D50AB26001B3122 /* WebViewController.swift in Sources */ = {isa = PBXBuildFile; fileRef = 01CD0C272D50AB26001B3122 /* WebViewController.swift */; };
		01CD0C2B2D50AB44001B3122 /* WebView.storyboard in Resources */ = {isa = PBXBuildFile; fileRef = 01CD0C2A2D50AB44001B3122 /* WebView.storyboard */; };
		01CD0C302D50CCE8001B3122 /* FolderViewController.swift in Sources */ = {isa = PBXBuildFile; fileRef = 01CD0C2F2D50CCE8001B3122 /* FolderViewController.swift */; };
		01CD0C352D51F865001B3122 /* ProductViewController.swift in Sources */ = {isa = PBXBuildFile; fileRef = 01CD0C342D51F865001B3122 /* ProductViewController.swift */; };
		01CD0C392D51F8AF001B3122 /* ProductListViewController.swift in Sources */ = {isa = PBXBuildFile; fileRef = 01CD0C382D51F8AF001B3122 /* ProductListViewController.swift */; };
		01CD0C3D2D51F8E4001B3122 /* ProductList.storyboard in Resources */ = {isa = PBXBuildFile; fileRef = 01CD0C3C2D51F8E4001B3122 /* ProductList.storyboard */; };
		01CD0C402D51F9AE001B3122 /* ProductCell.swift in Sources */ = {isa = PBXBuildFile; fileRef = 01CD0C3E2D51F9AE001B3122 /* ProductCell.swift */; };
		01CD0C412D51F9AE001B3122 /* ProductCell.xib in Resources */ = {isa = PBXBuildFile; fileRef = 01CD0C3F2D51F9AE001B3122 /* ProductCell.xib */; };
		01CD0C452D51FDD0001B3122 /* CustomTabBarController.swift in Sources */ = {isa = PBXBuildFile; fileRef = 01CD0C442D51FDD0001B3122 /* CustomTabBarController.swift */; };
		01CD0C712D52482D001B3122 /* ProductModel.swift in Sources */ = {isa = PBXBuildFile; fileRef = 01CD0C702D52482D001B3122 /* ProductModel.swift */; };
/* End PBXBuildFile section */

/* Begin PBXContainerItemProxy section */
		01961BD52D421FF200E52E0F /* PBXContainerItemProxy */ = {
			isa = PBXContainerItemProxy;
			containerPortal = 01961BB32D421FEF00E52E0F /* Project object */;
			proxyType = 1;
			remoteGlobalIDString = 01961BBA2D421FEF00E52E0F;
			remoteInfo = appdev;
		};
		01961BDF2D421FF200E52E0F /* PBXContainerItemProxy */ = {
			isa = PBXContainerItemProxy;
			containerPortal = 01961BB32D421FEF00E52E0F /* Project object */;
			proxyType = 1;
			remoteGlobalIDString = 01961BBA2D421FEF00E52E0F;
			remoteInfo = appdev;
		};
/* End PBXContainerItemProxy section */

/* Begin PBXFileReference section */
		0120820F2D5F15F80067F979 /* Login.storyboard */ = {isa = PBXFileReference; fileEncoding = 4; lastKnownFileType = file.storyboard; path = Login.storyboard; sourceTree = "<group>"; };
		012082102D5F15F80067F979 /* LoginViewController.swift */ = {isa = PBXFileReference; fileEncoding = 4; lastKnownFileType = sourcecode.swift; path = LoginViewController.swift; sourceTree = "<group>"; };
		012082162D5F1A4C0067F979 /* UserModel.swift */ = {isa = PBXFileReference; lastKnownFileType = sourcecode.swift; path = UserModel.swift; sourceTree = "<group>"; };
		012082192D5F1A730067F979 /* LoginViewModel.swift */ = {isa = PBXFileReference; lastKnownFileType = sourcecode.swift; path = LoginViewModel.swift; sourceTree = "<group>"; };
		0120821D2D5F1AA20067F979 /* AuthServices.swift */ = {isa = PBXFileReference; lastKnownFileType = sourcecode.swift; path = AuthServices.swift; sourceTree = "<group>"; };
		012082272D5F2AFE0067F979 /* UserSessionManager.swift */ = {isa = PBXFileReference; lastKnownFileType = sourcecode.swift; path = UserSessionManager.swift; sourceTree = "<group>"; };
		0120822A2D5F46FD0067F979 /* UIViewController+Ectention.swift */ = {isa = PBXFileReference; lastKnownFileType = sourcecode.swift; path = "UIViewController+Ectention.swift"; sourceTree = "<group>"; };
		0120822C2D5F5C890067F979 /* User.swift */ = {isa = PBXFileReference; fileEncoding = 4; lastKnownFileType = sourcecode.swift; path = User.swift; sourceTree = "<group>"; };
		0120822E2D5F5C890067F979 /* APIClient.swift */ = {isa = PBXFileReference; fileEncoding = 4; lastKnownFileType = sourcecode.swift; path = APIClient.swift; sourceTree = "<group>"; };
		0120822F2D5F5C890067F979 /* APIService.swift */ = {isa = PBXFileReference; fileEncoding = 4; lastKnownFileType = sourcecode.swift; path = APIService.swift; sourceTree = "<group>"; };
		012082312D5F5C890067F979 /* UserRepository.swift */ = {isa = PBXFileReference; fileEncoding = 4; lastKnownFileType = sourcecode.swift; path = UserRepository.swift; sourceTree = "<group>"; };
		012082332D5F5C890067F979 /* GetUserUseCase.swift */ = {isa = PBXFileReference; fileEncoding = 4; lastKnownFileType = sourcecode.swift; path = GetUserUseCase.swift; sourceTree = "<group>"; };
		012082352D5F5C890067F979 /* UserViewModel.swift */ = {isa = PBXFileReference; fileEncoding = 4; lastKnownFileType = sourcecode.swift; path = UserViewModel.swift; sourceTree = "<group>"; };
		012082372D5F5C890067F979 /* UserViewController.swift */ = {isa = PBXFileReference; fileEncoding = 4; lastKnownFileType = sourcecode.swift; path = UserViewController.swift; sourceTree = "<group>"; };
		01333CCA2D4B4F9E00D2A019 /* CameraData.swift */ = {isa = PBXFileReference; lastKnownFileType = sourcecode.swift; path = CameraData.swift; sourceTree = "<group>"; };
		01333CCD2D4B661800D2A019 /* SectionHeader.swift */ = {isa = PBXFileReference; lastKnownFileType = sourcecode.swift; path = SectionHeader.swift; sourceTree = "<group>"; };
		01333CCE2D4B661800D2A019 /* SectionHeader.xib */ = {isa = PBXFileReference; lastKnownFileType = file.xib; path = SectionHeader.xib; sourceTree = "<group>"; };
		01961BBB2D421FEF00E52E0F /* appdev.app */ = {isa = PBXFileReference; explicitFileType = wrapper.application; includeInIndex = 0; path = appdev.app; sourceTree = BUILT_PRODUCTS_DIR; };
		01961BBE2D421FEF00E52E0F /* AppDelegate.swift */ = {isa = PBXFileReference; lastKnownFileType = sourcecode.swift; path = AppDelegate.swift; sourceTree = "<group>"; };
		01961BC02D421FEF00E52E0F /* SceneDelegate.swift */ = {isa = PBXFileReference; lastKnownFileType = sourcecode.swift; path = SceneDelegate.swift; sourceTree = "<group>"; };
		01961BC22D421FEF00E52E0F /* ViewController.swift */ = {isa = PBXFileReference; lastKnownFileType = sourcecode.swift; path = ViewController.swift; sourceTree = "<group>"; };
		01961BC82D421FEF00E52E0F /* appdev.xcdatamodel */ = {isa = PBXFileReference; lastKnownFileType = wrapper.xcdatamodel; path = appdev.xcdatamodel; sourceTree = "<group>"; };
		01961BCA2D421FF200E52E0F /* Assets.xcassets */ = {isa = PBXFileReference; lastKnownFileType = folder.assetcatalog; path = Assets.xcassets; sourceTree = "<group>"; };
		01961BCF2D421FF200E52E0F /* Info.plist */ = {isa = PBXFileReference; lastKnownFileType = text.plist.xml; path = Info.plist; sourceTree = "<group>"; };
		01961BD42D421FF200E52E0F /* appdevTests.xctest */ = {isa = PBXFileReference; explicitFileType = wrapper.cfbundle; includeInIndex = 0; path = appdevTests.xctest; sourceTree = BUILT_PRODUCTS_DIR; };
		01961BD82D421FF200E52E0F /* appdevTests.swift */ = {isa = PBXFileReference; lastKnownFileType = sourcecode.swift; path = appdevTests.swift; sourceTree = "<group>"; };
		01961BDE2D421FF200E52E0F /* appdevUITests.xctest */ = {isa = PBXFileReference; explicitFileType = wrapper.cfbundle; includeInIndex = 0; path = appdevUITests.xctest; sourceTree = BUILT_PRODUCTS_DIR; };
		01961BE22D421FF200E52E0F /* appdevUITests.swift */ = {isa = PBXFileReference; lastKnownFileType = sourcecode.swift; path = appdevUITests.swift; sourceTree = "<group>"; };
		01961BE42D421FF200E52E0F /* appdevUITestsLaunchTests.swift */ = {isa = PBXFileReference; lastKnownFileType = sourcecode.swift; path = appdevUITestsLaunchTests.swift; sourceTree = "<group>"; };
		01961BF12D42201B00E52E0F /* LoadingIndigetor.swift */ = {isa = PBXFileReference; lastKnownFileType = sourcecode.swift; path = LoadingIndigetor.swift; sourceTree = "<group>"; };
		01A4054B2D54933400138B18 /* UIImage+Extention.swift */ = {isa = PBXFileReference; fileEncoding = 4; lastKnownFileType = sourcecode.swift; path = "UIImage+Extention.swift"; sourceTree = "<group>"; };
		01A4054C2D54933400138B18 /* UIView+Extention.swift */ = {isa = PBXFileReference; fileEncoding = 4; lastKnownFileType = sourcecode.swift; path = "UIView+Extention.swift"; sourceTree = "<group>"; };
		01A405502D561B4B00138B18 /* GoogleService-Info.plist */ = {isa = PBXFileReference; fileEncoding = 4; lastKnownFileType = text.plist.xml; path = "GoogleService-Info.plist"; sourceTree = "<group>"; };
		01B3ECF92D490BA3001FA70F /* Launch Screen.storyboard */ = {isa = PBXFileReference; fileEncoding = 4; lastKnownFileType = file.storyboard; path = "Launch Screen.storyboard"; sourceTree = "<group>"; };
		01B3ECFB2D490BAE001FA70F /* Main.storyboard */ = {isa = PBXFileReference; fileEncoding = 4; lastKnownFileType = file.storyboard; path = Main.storyboard; sourceTree = "<group>"; };
		01B3ECFD2D490E13001FA70F /* CollectionViewCell.swift */ = {isa = PBXFileReference; lastKnownFileType = sourcecode.swift; path = CollectionViewCell.swift; sourceTree = "<group>"; };
		01B3ECFE2D490E13001FA70F /* CollectionViewCell.xib */ = {isa = PBXFileReference; lastKnownFileType = file.xib; path = CollectionViewCell.xib; sourceTree = "<group>"; };
		01CD0C242D50A658001B3122 /* WebView.swift */ = {isa = PBXFileReference; lastKnownFileType = sourcecode.swift; path = WebView.swift; sourceTree = "<group>"; };
		01CD0C272D50AB26001B3122 /* WebViewController.swift */ = {isa = PBXFileReference; lastKnownFileType = sourcecode.swift; path = WebViewController.swift; sourceTree = "<group>"; };
		01CD0C2A2D50AB44001B3122 /* WebView.storyboard */ = {isa = PBXFileReference; lastKnownFileType = file.storyboard; path = WebView.storyboard; sourceTree = "<group>"; };
		01CD0C2F2D50CCE8001B3122 /* FolderViewController.swift */ = {isa = PBXFileReference; lastKnownFileType = sourcecode.swift; path = FolderViewController.swift; sourceTree = "<group>"; };
		01CD0C342D51F865001B3122 /* ProductViewController.swift */ = {isa = PBXFileReference; lastKnownFileType = sourcecode.swift; path = ProductViewController.swift; sourceTree = "<group>"; };
		01CD0C382D51F8AF001B3122 /* ProductListViewController.swift */ = {isa = PBXFileReference; lastKnownFileType = sourcecode.swift; path = ProductListViewController.swift; sourceTree = "<group>"; };
		01CD0C3C2D51F8E4001B3122 /* ProductList.storyboard */ = {isa = PBXFileReference; lastKnownFileType = file.storyboard; path = ProductList.storyboard; sourceTree = "<group>"; };
		01CD0C3E2D51F9AE001B3122 /* ProductCell.swift */ = {isa = PBXFileReference; lastKnownFileType = sourcecode.swift; path = ProductCell.swift; sourceTree = "<group>"; };
		01CD0C3F2D51F9AE001B3122 /* ProductCell.xib */ = {isa = PBXFileReference; lastKnownFileType = file.xib; path = ProductCell.xib; sourceTree = "<group>"; };
		01CD0C442D51FDD0001B3122 /* CustomTabBarController.swift */ = {isa = PBXFileReference; lastKnownFileType = sourcecode.swift; path = CustomTabBarController.swift; sourceTree = "<group>"; };
		01CD0C702D52482D001B3122 /* ProductModel.swift */ = {isa = PBXFileReference; lastKnownFileType = sourcecode.swift; path = ProductModel.swift; sourceTree = "<group>"; };
/* End PBXFileReference section */

/* Begin PBXFrameworksBuildPhase section */
		01961BB82D421FEF00E52E0F /* Frameworks */ = {
			isa = PBXFrameworksBuildPhase;
			buildActionMask = 2147483647;
			files = (
				0192A5AE2D561FF7007D9236 /* FirebaseAuth in Frameworks */,
				0192A5B02D561FF7007D9236 /* FirebaseCore in Frameworks */,
				012082212D5F1C880067F979 /* GoogleSignIn in Frameworks */,
				012082232D5F1C880067F979 /* GoogleSignInSwift in Frameworks */,
			);
			runOnlyForDeploymentPostprocessing = 0;
		};
		01961BD12D421FF200E52E0F /* Frameworks */ = {
			isa = PBXFrameworksBuildPhase;
			buildActionMask = 2147483647;
			files = (
			);
			runOnlyForDeploymentPostprocessing = 0;
		};
		01961BDB2D421FF200E52E0F /* Frameworks */ = {
			isa = PBXFrameworksBuildPhase;
			buildActionMask = 2147483647;
			files = (
			);
			runOnlyForDeploymentPostprocessing = 0;
		};
/* End PBXFrameworksBuildPhase section */

/* Begin PBXGroup section */
		012082112D5F15F80067F979 /* Login */ = {
			isa = PBXGroup;
			children = (
				012082262D5F2AE00067F979 /* Manager */,
				0120821B2D5F1A860067F979 /* Services */,
				012082182D5F1A500067F979 /* ViewModel */,
				012082152D5F1A350067F979 /* Model */,
				012082142D5F1A290067F979 /* Views */,
			);
			path = Login;
			sourceTree = "<group>";
		};
		012082142D5F1A290067F979 /* Views */ = {
			isa = PBXGroup;
			children = (
				0120820F2D5F15F80067F979 /* Login.storyboard */,
				012082102D5F15F80067F979 /* LoginViewController.swift */,
			);
			path = Views;
			sourceTree = "<group>";
		};
		012082152D5F1A350067F979 /* Model */ = {
			isa = PBXGroup;
			children = (
				012082162D5F1A4C0067F979 /* UserModel.swift */,
			);
			path = Model;
			sourceTree = "<group>";
		};
		012082182D5F1A500067F979 /* ViewModel */ = {
			isa = PBXGroup;
			children = (
				012082192D5F1A730067F979 /* LoginViewModel.swift */,
			);
			path = ViewModel;
			sourceTree = "<group>";
		};
		0120821B2D5F1A860067F979 /* Services */ = {
			isa = PBXGroup;
			children = (
				0120821D2D5F1AA20067F979 /* AuthServices.swift */,
			);
			path = Services;
			sourceTree = "<group>";
		};
		012082262D5F2AE00067F979 /* Manager */ = {
			isa = PBXGroup;
			children = (
				012082272D5F2AFE0067F979 /* UserSessionManager.swift */,
			);
			path = Manager;
			sourceTree = "<group>";
		};
		0120822D2D5F5C890067F979 /* Entities */ = {
			isa = PBXGroup;
			children = (
				0120822C2D5F5C890067F979 /* User.swift */,
			);
			path = Entities;
			sourceTree = "<group>";
		};
		012082302D5F5C890067F979 /* Network */ = {
			isa = PBXGroup;
			children = (
				0120822E2D5F5C890067F979 /* APIClient.swift */,
				0120822F2D5F5C890067F979 /* APIService.swift */,
			);
			path = Network;
			sourceTree = "<group>";
		};
		012082322D5F5C890067F979 /* Repository */ = {
			isa = PBXGroup;
			children = (
				012082312D5F5C890067F979 /* UserRepository.swift */,
			);
			path = Repository;
			sourceTree = "<group>";
		};
		012082342D5F5C890067F979 /* Usecases */ = {
			isa = PBXGroup;
			children = (
				012082332D5F5C890067F979 /* GetUserUseCase.swift */,
			);
			path = Usecases;
			sourceTree = "<group>";
		};
		012082362D5F5C890067F979 /* ViewModel */ = {
			isa = PBXGroup;
			children = (
				012082352D5F5C890067F979 /* UserViewModel.swift */,
			);
			path = ViewModel;
			sourceTree = "<group>";
		};
		012082382D5F5C890067F979 /* Views */ = {
			isa = PBXGroup;
			children = (
				012082372D5F5C890067F979 /* UserViewController.swift */,
			);
			path = Views;
			sourceTree = "<group>";
		};
		012082392D5F5C890067F979 /* Product */ = {
			isa = PBXGroup;
			children = (
				0120822D2D5F5C890067F979 /* Entities */,
				012082302D5F5C890067F979 /* Network */,
				012082322D5F5C890067F979 /* Repository */,
				012082342D5F5C890067F979 /* Usecases */,
				012082362D5F5C890067F979 /* ViewModel */,
				012082382D5F5C890067F979 /* Views */,
			);
			path = Product;
			sourceTree = "<group>";
		};
		01333CC42D4B417E00D2A019 /* Main */ = {
			isa = PBXGroup;
			children = (
				01961BBE2D421FEF00E52E0F /* AppDelegate.swift */,
				01961BC02D421FEF00E52E0F /* SceneDelegate.swift */,
			);
			path = Main;
			sourceTree = "<group>";
		};
		01333CC52D4B434D00D2A019 /* Presenter */ = {
			isa = PBXGroup;
			children = (
				01333CC82D4B4B9F00D2A019 /* Controller */,
				01333CC72D4B4B8D00D2A019 /* Cell */,
			);
			path = Presenter;
			sourceTree = "<group>";
		};
		01333CC62D4B435900D2A019 /* Home */ = {
			isa = PBXGroup;
			children = (
				01333CC92D4B4F8600D2A019 /* Data */,
				01333CC52D4B434D00D2A019 /* Presenter */,
			);
			path = Home;
			sourceTree = "<group>";
		};
		01333CC72D4B4B8D00D2A019 /* Cell */ = {
			isa = PBXGroup;
			children = (
				01333CCC2D4B65E300D2A019 /* SectionHeader */,
				01B3ECFD2D490E13001FA70F /* CollectionViewCell.swift */,
				01B3ECFE2D490E13001FA70F /* CollectionViewCell.xib */,
			);
			path = Cell;
			sourceTree = "<group>";
		};
		01333CC82D4B4B9F00D2A019 /* Controller */ = {
			isa = PBXGroup;
			children = (
				01B3ECFB2D490BAE001FA70F /* Main.storyboard */,
				01961BC22D421FEF00E52E0F /* ViewController.swift */,
			);
			path = Controller;
			sourceTree = "<group>";
		};
		01333CC92D4B4F8600D2A019 /* Data */ = {
			isa = PBXGroup;
			children = (
				01333CCA2D4B4F9E00D2A019 /* CameraData.swift */,
			);
			path = Data;
			sourceTree = "<group>";
		};
		01333CCC2D4B65E300D2A019 /* SectionHeader */ = {
			isa = PBXGroup;
			children = (
				01333CCD2D4B661800D2A019 /* SectionHeader.swift */,
				01333CCE2D4B661800D2A019 /* SectionHeader.xib */,
			);
			path = SectionHeader;
			sourceTree = "<group>";
		};
		0192A5A82D561F99007D9236 /* Frameworks */ = {
			isa = PBXGroup;
			children = (
			);
			name = Frameworks;
			sourceTree = "<group>";
		};
		01961BB22D421FEF00E52E0F = {
			isa = PBXGroup;
			children = (
				01961BBD2D421FEF00E52E0F /* appdev */,
				01961BD72D421FF200E52E0F /* appdevTests */,
				01961BE12D421FF200E52E0F /* appdevUITests */,
				01961BBC2D421FEF00E52E0F /* Products */,
				0192A5A82D561F99007D9236 /* Frameworks */,
			);
			sourceTree = "<group>";
		};
		01961BBC2D421FEF00E52E0F /* Products */ = {
			isa = PBXGroup;
			children = (
				01961BBB2D421FEF00E52E0F /* appdev.app */,
				01961BD42D421FF200E52E0F /* appdevTests.xctest */,
				01961BDE2D421FF200E52E0F /* appdevUITests.xctest */,
			);
			name = Products;
			sourceTree = "<group>";
		};
		01961BBD2D421FEF00E52E0F /* appdev */ = {
			isa = PBXGroup;
			children = (
				012082392D5F5C890067F979 /* Product */,
				012082112D5F15F80067F979 /* Login */,
				01A4054D2D54933400138B18 /* Extention */,
				01CD0C422D51FCCF001B3122 /* MainTapBar */,
				01CD0C362D51F882001B3122 /* ProductView */,
				01CD0C312D51F82A001B3122 /* ProductList */,
				01CD0C2D2D50CC73001B3122 /* Folder */,
				01CD0C232D50A514001B3122 /* WebView */,
				01333CC42D4B417E00D2A019 /* Main */,
				01333CC62D4B435900D2A019 /* Home */,
				01B3ECF92D490BA3001FA70F /* Launch Screen.storyboard */,
				01961BCA2D421FF200E52E0F /* Assets.xcassets */,
				01961BCF2D421FF200E52E0F /* Info.plist */,
				01A405502D561B4B00138B18 /* GoogleService-Info.plist */,
				01961BC72D421FEF00E52E0F /* appdev.xcdatamodeld */,
				01961BF12D42201B00E52E0F /* LoadingIndigetor.swift */,
			);
			path = appdev;
			sourceTree = "<group>";
		};
		01961BD72D421FF200E52E0F /* appdevTests */ = {
			isa = PBXGroup;
			children = (
				01961BD82D421FF200E52E0F /* appdevTests.swift */,
			);
			path = appdevTests;
			sourceTree = "<group>";
		};
		01961BE12D421FF200E52E0F /* appdevUITests */ = {
			isa = PBXGroup;
			children = (
				01961BE22D421FF200E52E0F /* appdevUITests.swift */,
				01961BE42D421FF200E52E0F /* appdevUITestsLaunchTests.swift */,
			);
			path = appdevUITests;
			sourceTree = "<group>";
		};
		01A4054D2D54933400138B18 /* Extention */ = {
			isa = PBXGroup;
			children = (
				01A4054B2D54933400138B18 /* UIImage+Extention.swift */,
				01A4054C2D54933400138B18 /* UIView+Extention.swift */,
				0120822A2D5F46FD0067F979 /* UIViewController+Ectention.swift */,
			);
			path = Extention;
			sourceTree = SOURCE_ROOT;
		};
		01CD0C232D50A514001B3122 /* WebView */ = {
			isa = PBXGroup;
			children = (
				01CD0C2C2D50AB73001B3122 /* Model */,
				01CD0C262D50AAFE001B3122 /* Precenter */,
			);
			path = WebView;
			sourceTree = "<group>";
		};
		01CD0C262D50AAFE001B3122 /* Precenter */ = {
			isa = PBXGroup;
			children = (
				01CD0C272D50AB26001B3122 /* WebViewController.swift */,
				01CD0C2A2D50AB44001B3122 /* WebView.storyboard */,
			);
			path = Precenter;
			sourceTree = "<group>";
		};
		01CD0C2C2D50AB73001B3122 /* Model */ = {
			isa = PBXGroup;
			children = (
				01CD0C242D50A658001B3122 /* WebView.swift */,
			);
			path = Model;
			sourceTree = "<group>";
		};
		01CD0C2D2D50CC73001B3122 /* Folder */ = {
			isa = PBXGroup;
			children = (
				01CD0C2E2D50CC7F001B3122 /* Precenter */,
			);
			path = Folder;
			sourceTree = "<group>";
		};
		01CD0C2E2D50CC7F001B3122 /* Precenter */ = {
			isa = PBXGroup;
			children = (
				01CD0C2F2D50CCE8001B3122 /* FolderViewController.swift */,
			);
			path = Precenter;
			sourceTree = "<group>";
		};
		01CD0C312D51F82A001B3122 /* ProductList */ = {
			isa = PBXGroup;
			children = (
				01CD0C6F2D5247FA001B3122 /* Model */,
				01CD0C322D51F836001B3122 /* Precenter */,
			);
			path = ProductList;
			sourceTree = "<group>";
		};
		01CD0C322D51F836001B3122 /* Precenter */ = {
			isa = PBXGroup;
			children = (
				01CD0C3A2D51F8B4001B3122 /* Controller */,
				01CD0C332D51F83F001B3122 /* Cell */,
			);
			path = Precenter;
			sourceTree = "<group>";
		};
		01CD0C332D51F83F001B3122 /* Cell */ = {
			isa = PBXGroup;
			children = (
				01CD0C3E2D51F9AE001B3122 /* ProductCell.swift */,
				01CD0C3F2D51F9AE001B3122 /* ProductCell.xib */,
			);
			path = Cell;
			sourceTree = "<group>";
		};
		01CD0C362D51F882001B3122 /* ProductView */ = {
			isa = PBXGroup;
			children = (
				01CD0C372D51F893001B3122 /* Precenter */,
			);
			path = ProductView;
			sourceTree = "<group>";
		};
		01CD0C372D51F893001B3122 /* Precenter */ = {
			isa = PBXGroup;
			children = (
				01CD0C342D51F865001B3122 /* ProductViewController.swift */,
			);
			path = Precenter;
			sourceTree = "<group>";
		};
		01CD0C3A2D51F8B4001B3122 /* Controller */ = {
			isa = PBXGroup;
			children = (
				01CD0C382D51F8AF001B3122 /* ProductListViewController.swift */,
				01CD0C3C2D51F8E4001B3122 /* ProductList.storyboard */,
			);
			path = Controller;
			sourceTree = "<group>";
		};
		01CD0C422D51FCCF001B3122 /* MainTapBar */ = {
			isa = PBXGroup;
			children = (
				01CD0C432D51FCE4001B3122 /* Precenter */,
			);
			path = MainTapBar;
			sourceTree = "<group>";
		};
		01CD0C432D51FCE4001B3122 /* Precenter */ = {
			isa = PBXGroup;
			children = (
				01CD0C442D51FDD0001B3122 /* CustomTabBarController.swift */,
			);
			path = Precenter;
			sourceTree = "<group>";
		};
		01CD0C6F2D5247FA001B3122 /* Model */ = {
			isa = PBXGroup;
			children = (
				01CD0C702D52482D001B3122 /* ProductModel.swift */,
			);
			path = Model;
			sourceTree = "<group>";
		};
/* End PBXGroup section */

/* Begin PBXNativeTarget section */
		01961BBA2D421FEF00E52E0F /* appdev */ = {
			isa = PBXNativeTarget;
			buildConfigurationList = 01961BE82D421FF200E52E0F /* Build configuration list for PBXNativeTarget "appdev" */;
			buildPhases = (
				01961BB72D421FEF00E52E0F /* Sources */,
				01961BB82D421FEF00E52E0F /* Frameworks */,
				01961BB92D421FEF00E52E0F /* Resources */,
			);
			buildRules = (
			);
			dependencies = (
			);
			name = appdev;
			packageProductDependencies = (
				0192A5AD2D561FF7007D9236 /* FirebaseAuth */,
				0192A5AF2D561FF7007D9236 /* FirebaseCore */,
				012082202D5F1C880067F979 /* GoogleSignIn */,
				012082222D5F1C880067F979 /* GoogleSignInSwift */,
			);
			productName = appdev;
			productReference = 01961BBB2D421FEF00E52E0F /* appdev.app */;
			productType = "com.apple.product-type.application";
		};
		01961BD32D421FF200E52E0F /* appdevTests */ = {
			isa = PBXNativeTarget;
			buildConfigurationList = 01961BEB2D421FF200E52E0F /* Build configuration list for PBXNativeTarget "appdevTests" */;
			buildPhases = (
				01961BD02D421FF200E52E0F /* Sources */,
				01961BD12D421FF200E52E0F /* Frameworks */,
				01961BD22D421FF200E52E0F /* Resources */,
			);
			buildRules = (
			);
			dependencies = (
				01961BD62D421FF200E52E0F /* PBXTargetDependency */,
			);
			name = appdevTests;
			productName = appdevTests;
			productReference = 01961BD42D421FF200E52E0F /* appdevTests.xctest */;
			productType = "com.apple.product-type.bundle.unit-test";
		};
		01961BDD2D421FF200E52E0F /* appdevUITests */ = {
			isa = PBXNativeTarget;
			buildConfigurationList = 01961BEE2D421FF200E52E0F /* Build configuration list for PBXNativeTarget "appdevUITests" */;
			buildPhases = (
				01961BDA2D421FF200E52E0F /* Sources */,
				01961BDB2D421FF200E52E0F /* Frameworks */,
				01961BDC2D421FF200E52E0F /* Resources */,
			);
			buildRules = (
			);
			dependencies = (
				01961BE02D421FF200E52E0F /* PBXTargetDependency */,
			);
			name = appdevUITests;
			productName = appdevUITests;
			productReference = 01961BDE2D421FF200E52E0F /* appdevUITests.xctest */;
			productType = "com.apple.product-type.bundle.ui-testing";
		};
/* End PBXNativeTarget section */

/* Begin PBXProject section */
		01961BB32D421FEF00E52E0F /* Project object */ = {
			isa = PBXProject;
			attributes = {
				BuildIndependentTargetsInParallel = 1;
				LastSwiftUpdateCheck = 1540;
				LastUpgradeCheck = 1540;
				TargetAttributes = {
					01961BBA2D421FEF00E52E0F = {
						CreatedOnToolsVersion = 15.4;
					};
					01961BD32D421FF200E52E0F = {
						CreatedOnToolsVersion = 15.4;
						TestTargetID = 01961BBA2D421FEF00E52E0F;
					};
					01961BDD2D421FF200E52E0F = {
						CreatedOnToolsVersion = 15.4;
						TestTargetID = 01961BBA2D421FEF00E52E0F;
					};
				};
			};
			buildConfigurationList = 01961BB62D421FEF00E52E0F /* Build configuration list for PBXProject "appdev" */;
			compatibilityVersion = "Xcode 14.0";
			developmentRegion = en;
			hasScannedForEncodings = 0;
			knownRegions = (
				en,
				Base,
			);
			mainGroup = 01961BB22D421FEF00E52E0F;
			packageReferences = (
				01A405522D561C4500138B18 /* XCRemoteSwiftPackageReference "firebase-ios-sdk" */,
				0120821F2D5F1C880067F979 /* XCRemoteSwiftPackageReference "GoogleSignIn-iOS" */,
			);
			productRefGroup = 01961BBC2D421FEF00E52E0F /* Products */;
			projectDirPath = "";
			projectRoot = "";
			targets = (
				01961BBA2D421FEF00E52E0F /* appdev */,
				01961BD32D421FF200E52E0F /* appdevTests */,
				01961BDD2D421FF200E52E0F /* appdevUITests */,
			);
		};
/* End PBXProject section */

/* Begin PBXResourcesBuildPhase section */
		01961BB92D421FEF00E52E0F /* Resources */ = {
			isa = PBXResourcesBuildPhase;
			buildActionMask = 2147483647;
			files = (
				01B3ECFC2D490BAE001FA70F /* Main.storyboard in Resources */,
				01CD0C412D51F9AE001B3122 /* ProductCell.xib in Resources */,
				01A405512D561B4B00138B18 /* GoogleService-Info.plist in Resources */,
				01CD0C3D2D51F8E4001B3122 /* ProductList.storyboard in Resources */,
				01B3ECFA2D490BA3001FA70F /* Launch Screen.storyboard in Resources */,
				01333CD02D4B661800D2A019 /* SectionHeader.xib in Resources */,
				01B3ED002D490E13001FA70F /* CollectionViewCell.xib in Resources */,
				01CD0C2B2D50AB44001B3122 /* WebView.storyboard in Resources */,
				012082122D5F15F80067F979 /* Login.storyboard in Resources */,
				01961BCB2D421FF200E52E0F /* Assets.xcassets in Resources */,
			);
			runOnlyForDeploymentPostprocessing = 0;
		};
		01961BD22D421FF200E52E0F /* Resources */ = {
			isa = PBXResourcesBuildPhase;
			buildActionMask = 2147483647;
			files = (
			);
			runOnlyForDeploymentPostprocessing = 0;
		};
		01961BDC2D421FF200E52E0F /* Resources */ = {
			isa = PBXResourcesBuildPhase;
			buildActionMask = 2147483647;
			files = (
			);
			runOnlyForDeploymentPostprocessing = 0;
		};
/* End PBXResourcesBuildPhase section */

/* Begin PBXSourcesBuildPhase section */
		01961BB72D421FEF00E52E0F /* Sources */ = {
			isa = PBXSourcesBuildPhase;
			buildActionMask = 2147483647;
			files = (
				01333CCB2D4B4F9E00D2A019 /* CameraData.swift in Sources */,
				01CD0C392D51F8AF001B3122 /* ProductListViewController.swift in Sources */,
				01CD0C452D51FDD0001B3122 /* CustomTabBarController.swift in Sources */,
				0120823A2D5F5C890067F979 /* User.swift in Sources */,
				012082282D5F2AFE0067F979 /* UserSessionManager.swift in Sources */,
				01A4054E2D54933400138B18 /* UIImage+Extention.swift in Sources */,
				012082132D5F15F80067F979 /* LoginViewController.swift in Sources */,
				0120823C2D5F5C890067F979 /* APIService.swift in Sources */,
				01961BC32D421FEF00E52E0F /* ViewController.swift in Sources */,
				01961BBF2D421FEF00E52E0F /* AppDelegate.swift in Sources */,
				0120823D2D5F5C890067F979 /* UserRepository.swift in Sources */,
				0120823B2D5F5C890067F979 /* APIClient.swift in Sources */,
				01CD0C282D50AB26001B3122 /* WebViewController.swift in Sources */,
				0120823F2D5F5C890067F979 /* UserViewModel.swift in Sources */,
				01CD0C402D51F9AE001B3122 /* ProductCell.swift in Sources */,
				012082402D5F5C890067F979 /* UserViewController.swift in Sources */,
				01B3ECFF2D490E13001FA70F /* CollectionViewCell.swift in Sources */,
				01333CCF2D4B661800D2A019 /* SectionHeader.swift in Sources */,
				01CD0C352D51F865001B3122 /* ProductViewController.swift in Sources */,
				01961BC12D421FEF00E52E0F /* SceneDelegate.swift in Sources */,
				01CD0C252D50A658001B3122 /* WebView.swift in Sources */,
				01CD0C302D50CCE8001B3122 /* FolderViewController.swift in Sources */,
				0120822B2D5F46FD0067F979 /* UIViewController+Ectention.swift in Sources */,
				01961BF22D42201B00E52E0F /* LoadingIndigetor.swift in Sources */,
				01961BC92D421FEF00E52E0F /* appdev.xcdatamodeld in Sources */,
				01CD0C712D52482D001B3122 /* ProductModel.swift in Sources */,
				0120823E2D5F5C890067F979 /* GetUserUseCase.swift in Sources */,
				012082172D5F1A4C0067F979 /* UserModel.swift in Sources */,
				01A4054F2D54933400138B18 /* UIView+Extention.swift in Sources */,
				0120821A2D5F1A730067F979 /* LoginViewModel.swift in Sources */,
				0120821E2D5F1AA20067F979 /* AuthServices.swift in Sources */,
			);
			runOnlyForDeploymentPostprocessing = 0;
		};
		01961BD02D421FF200E52E0F /* Sources */ = {
			isa = PBXSourcesBuildPhase;
			buildActionMask = 2147483647;
			files = (
				01961BD92D421FF200E52E0F /* appdevTests.swift in Sources */,
			);
			runOnlyForDeploymentPostprocessing = 0;
		};
		01961BDA2D421FF200E52E0F /* Sources */ = {
			isa = PBXSourcesBuildPhase;
			buildActionMask = 2147483647;
			files = (
				01961BE52D421FF200E52E0F /* appdevUITestsLaunchTests.swift in Sources */,
				01961BE32D421FF200E52E0F /* appdevUITests.swift in Sources */,
			);
			runOnlyForDeploymentPostprocessing = 0;
		};
/* End PBXSourcesBuildPhase section */

/* Begin PBXTargetDependency section */
		01961BD62D421FF200E52E0F /* PBXTargetDependency */ = {
			isa = PBXTargetDependency;
			target = 01961BBA2D421FEF00E52E0F /* appdev */;
			targetProxy = 01961BD52D421FF200E52E0F /* PBXContainerItemProxy */;
		};
		01961BE02D421FF200E52E0F /* PBXTargetDependency */ = {
			isa = PBXTargetDependency;
			target = 01961BBA2D421FEF00E52E0F /* appdev */;
			targetProxy = 01961BDF2D421FF200E52E0F /* PBXContainerItemProxy */;
		};
/* End PBXTargetDependency section */

/* Begin XCBuildConfiguration section */
		01961BE62D421FF200E52E0F /* Debug */ = {
			isa = XCBuildConfiguration;
			buildSettings = {
				ALWAYS_SEARCH_USER_PATHS = NO;
				ASSETCATALOG_COMPILER_GENERATE_SWIFT_ASSET_SYMBOL_EXTENSIONS = YES;
				CLANG_ANALYZER_NONNULL = YES;
				CLANG_ANALYZER_NUMBER_OBJECT_CONVERSION = YES_AGGRESSIVE;
				CLANG_CXX_LANGUAGE_STANDARD = "gnu++20";
				CLANG_ENABLE_MODULES = YES;
				CLANG_ENABLE_OBJC_ARC = YES;
				CLANG_ENABLE_OBJC_WEAK = YES;
				CLANG_WARN_BLOCK_CAPTURE_AUTORELEASING = YES;
				CLANG_WARN_BOOL_CONVERSION = YES;
				CLANG_WARN_COMMA = YES;
				CLANG_WARN_CONSTANT_CONVERSION = YES;
				CLANG_WARN_DEPRECATED_OBJC_IMPLEMENTATIONS = YES;
				CLANG_WARN_DIRECT_OBJC_ISA_USAGE = YES_ERROR;
				CLANG_WARN_DOCUMENTATION_COMMENTS = YES;
				CLANG_WARN_EMPTY_BODY = YES;
				CLANG_WARN_ENUM_CONVERSION = YES;
				CLANG_WARN_INFINITE_RECURSION = YES;
				CLANG_WARN_INT_CONVERSION = YES;
				CLANG_WARN_NON_LITERAL_NULL_CONVERSION = YES;
				CLANG_WARN_OBJC_IMPLICIT_RETAIN_SELF = YES;
				CLANG_WARN_OBJC_LITERAL_CONVERSION = YES;
				CLANG_WARN_OBJC_ROOT_CLASS = YES_ERROR;
				CLANG_WARN_QUOTED_INCLUDE_IN_FRAMEWORK_HEADER = YES;
				CLANG_WARN_RANGE_LOOP_ANALYSIS = YES;
				CLANG_WARN_STRICT_PROTOTYPES = YES;
				CLANG_WARN_SUSPICIOUS_MOVE = YES;
				CLANG_WARN_UNGUARDED_AVAILABILITY = YES_AGGRESSIVE;
				CLANG_WARN_UNREACHABLE_CODE = YES;
				CLANG_WARN__DUPLICATE_METHOD_MATCH = YES;
				COPY_PHASE_STRIP = NO;
				DEBUG_INFORMATION_FORMAT = dwarf;
				ENABLE_STRICT_OBJC_MSGSEND = YES;
				ENABLE_TESTABILITY = YES;
				ENABLE_USER_SCRIPT_SANDBOXING = YES;
				GCC_C_LANGUAGE_STANDARD = gnu17;
				GCC_DYNAMIC_NO_PIC = NO;
				GCC_NO_COMMON_BLOCKS = YES;
				GCC_OPTIMIZATION_LEVEL = 0;
				GCC_PREPROCESSOR_DEFINITIONS = (
					"DEBUG=1",
					"$(inherited)",
				);
				GCC_WARN_64_TO_32_BIT_CONVERSION = YES;
				GCC_WARN_ABOUT_RETURN_TYPE = YES_ERROR;
				GCC_WARN_UNDECLARED_SELECTOR = YES;
				GCC_WARN_UNINITIALIZED_AUTOS = YES_AGGRESSIVE;
				GCC_WARN_UNUSED_FUNCTION = YES;
				GCC_WARN_UNUSED_VARIABLE = YES;
				IPHONEOS_DEPLOYMENT_TARGET = 13.0;
				LOCALIZATION_PREFERS_STRING_CATALOGS = YES;
				MTL_ENABLE_DEBUG_INFO = INCLUDE_SOURCE;
				MTL_FAST_MATH = YES;
				ONLY_ACTIVE_ARCH = YES;
				SDKROOT = iphoneos;
				SWIFT_ACTIVE_COMPILATION_CONDITIONS = "DEBUG $(inherited)";
				SWIFT_OPTIMIZATION_LEVEL = "-Onone";
			};
			name = Debug;
		};
		01961BE72D421FF200E52E0F /* Release */ = {
			isa = XCBuildConfiguration;
			buildSettings = {
				ALWAYS_SEARCH_USER_PATHS = NO;
				ASSETCATALOG_COMPILER_GENERATE_SWIFT_ASSET_SYMBOL_EXTENSIONS = YES;
				CLANG_ANALYZER_NONNULL = YES;
				CLANG_ANALYZER_NUMBER_OBJECT_CONVERSION = YES_AGGRESSIVE;
				CLANG_CXX_LANGUAGE_STANDARD = "gnu++20";
				CLANG_ENABLE_MODULES = YES;
				CLANG_ENABLE_OBJC_ARC = YES;
				CLANG_ENABLE_OBJC_WEAK = YES;
				CLANG_WARN_BLOCK_CAPTURE_AUTORELEASING = YES;
				CLANG_WARN_BOOL_CONVERSION = YES;
				CLANG_WARN_COMMA = YES;
				CLANG_WARN_CONSTANT_CONVERSION = YES;
				CLANG_WARN_DEPRECATED_OBJC_IMPLEMENTATIONS = YES;
				CLANG_WARN_DIRECT_OBJC_ISA_USAGE = YES_ERROR;
				CLANG_WARN_DOCUMENTATION_COMMENTS = YES;
				CLANG_WARN_EMPTY_BODY = YES;
				CLANG_WARN_ENUM_CONVERSION = YES;
				CLANG_WARN_INFINITE_RECURSION = YES;
				CLANG_WARN_INT_CONVERSION = YES;
				CLANG_WARN_NON_LITERAL_NULL_CONVERSION = YES;
				CLANG_WARN_OBJC_IMPLICIT_RETAIN_SELF = YES;
				CLANG_WARN_OBJC_LITERAL_CONVERSION = YES;
				CLANG_WARN_OBJC_ROOT_CLASS = YES_ERROR;
				CLANG_WARN_QUOTED_INCLUDE_IN_FRAMEWORK_HEADER = YES;
				CLANG_WARN_RANGE_LOOP_ANALYSIS = YES;
				CLANG_WARN_STRICT_PROTOTYPES = YES;
				CLANG_WARN_SUSPICIOUS_MOVE = YES;
				CLANG_WARN_UNGUARDED_AVAILABILITY = YES_AGGRESSIVE;
				CLANG_WARN_UNREACHABLE_CODE = YES;
				CLANG_WARN__DUPLICATE_METHOD_MATCH = YES;
				COPY_PHASE_STRIP = NO;
				DEBUG_INFORMATION_FORMAT = "dwarf-with-dsym";
				ENABLE_NS_ASSERTIONS = NO;
				ENABLE_STRICT_OBJC_MSGSEND = YES;
				ENABLE_USER_SCRIPT_SANDBOXING = YES;
				GCC_C_LANGUAGE_STANDARD = gnu17;
				GCC_NO_COMMON_BLOCKS = YES;
				GCC_WARN_64_TO_32_BIT_CONVERSION = YES;
				GCC_WARN_ABOUT_RETURN_TYPE = YES_ERROR;
				GCC_WARN_UNDECLARED_SELECTOR = YES;
				GCC_WARN_UNINITIALIZED_AUTOS = YES_AGGRESSIVE;
				GCC_WARN_UNUSED_FUNCTION = YES;
				GCC_WARN_UNUSED_VARIABLE = YES;
				IPHONEOS_DEPLOYMENT_TARGET = 13.0;
				LOCALIZATION_PREFERS_STRING_CATALOGS = YES;
				MTL_ENABLE_DEBUG_INFO = NO;
				MTL_FAST_MATH = YES;
				SDKROOT = iphoneos;
				SWIFT_COMPILATION_MODE = wholemodule;
				VALIDATE_PRODUCT = YES;
			};
			name = Release;
		};
		01961BE92D421FF200E52E0F /* Debug */ = {
			isa = XCBuildConfiguration;
			buildSettings = {
				ASSETCATALOG_COMPILER_APPICON_NAME = AppIcon;
				ASSETCATALOG_COMPILER_GLOBAL_ACCENT_COLOR_NAME = AccentColor;
				ASSETCATALOG_COMPILER_INCLUDE_ALL_APPICON_ASSETS = YES;
				CODE_SIGN_STYLE = Automatic;
				CURRENT_PROJECT_VERSION = 1;
				DEVELOPMENT_TEAM = 558F8H8469;
				GENERATE_INFOPLIST_FILE = YES;
				INFOPLIST_FILE = appdev/Info.plist;
				INFOPLIST_KEY_LSApplicationCategoryType = "public.app-category.video";
				INFOPLIST_KEY_NSBluetoothAlwaysUsageDescription = Enable;
				INFOPLIST_KEY_NSBluetoothPeripheralUsageDescription = Enable;
				INFOPLIST_KEY_NSFileProviderDomainUsageDescription = Enable;
				INFOPLIST_KEY_NSLocalNetworkUsageDescription = true;
				INFOPLIST_KEY_UIApplicationSupportsIndirectInputEvents = YES;
				INFOPLIST_KEY_UILaunchScreen_Generation = YES;
				INFOPLIST_KEY_UILaunchStoryboardName = "Launch Screen.storyboard";
				INFOPLIST_KEY_UIMainStoryboardFile = Main;
				INFOPLIST_KEY_UIStatusBarStyle = "";
				INFOPLIST_KEY_UISupportedInterfaceOrientations_iPad = "UIInterfaceOrientationPortrait UIInterfaceOrientationPortraitUpsideDown UIInterfaceOrientationLandscapeLeft UIInterfaceOrientationLandscapeRight";
				INFOPLIST_KEY_UISupportedInterfaceOrientations_iPhone = "UIInterfaceOrientationPortrait UIInterfaceOrientationLandscapeLeft UIInterfaceOrientationLandscapeRight";
				IPHONEOS_DEPLOYMENT_TARGET = 15.0;
				LD_RUNPATH_SEARCH_PATHS = (
					"$(inherited)",
					"@executable_path/Frameworks",
				);
				MARKETING_VERSION = 1.0;
				PRODUCT_BUNDLE_IDENTIFIER = com.sivakumar.appdev;
				PRODUCT_NAME = "$(TARGET_NAME)";
				SUPPORTED_PLATFORMS = "iphoneos iphonesimulator";
				SUPPORTS_MACCATALYST = NO;
				SUPPORTS_MAC_DESIGNED_FOR_IPHONE_IPAD = NO;
				SUPPORTS_XR_DESIGNED_FOR_IPHONE_IPAD = NO;
				SWIFT_EMIT_LOC_STRINGS = YES;
				SWIFT_VERSION = 5.0;
				TARGETED_DEVICE_FAMILY = "1,2";
			};
			name = Debug;
		};
		01961BEA2D421FF200E52E0F /* Release */ = {
			isa = XCBuildConfiguration;
			buildSettings = {
				ASSETCATALOG_COMPILER_APPICON_NAME = AppIcon;
				ASSETCATALOG_COMPILER_GLOBAL_ACCENT_COLOR_NAME = AccentColor;
				ASSETCATALOG_COMPILER_INCLUDE_ALL_APPICON_ASSETS = YES;
				CODE_SIGN_STYLE = Automatic;
				CURRENT_PROJECT_VERSION = 1;
				DEVELOPMENT_TEAM = 558F8H8469;
				GENERATE_INFOPLIST_FILE = YES;
				INFOPLIST_FILE = appdev/Info.plist;
				INFOPLIST_KEY_LSApplicationCategoryType = "public.app-category.video";
				INFOPLIST_KEY_NSBluetoothAlwaysUsageDescription = Enable;
				INFOPLIST_KEY_NSBluetoothPeripheralUsageDescription = Enable;
				INFOPLIST_KEY_NSFileProviderDomainUsageDescription = Enable;
				INFOPLIST_KEY_NSLocalNetworkUsageDescription = true;
				INFOPLIST_KEY_UIApplicationSupportsIndirectInputEvents = YES;
				INFOPLIST_KEY_UILaunchScreen_Generation = YES;
				INFOPLIST_KEY_UILaunchStoryboardName = "Launch Screen.storyboard";
				INFOPLIST_KEY_UIMainStoryboardFile = Main;
				INFOPLIST_KEY_UIStatusBarStyle = "";
				INFOPLIST_KEY_UISupportedInterfaceOrientations_iPad = "UIInterfaceOrientationPortrait UIInterfaceOrientationPortraitUpsideDown UIInterfaceOrientationLandscapeLeft UIInterfaceOrientationLandscapeRight";
				INFOPLIST_KEY_UISupportedInterfaceOrientations_iPhone = "UIInterfaceOrientationPortrait UIInterfaceOrientationLandscapeLeft UIInterfaceOrientationLandscapeRight";
				IPHONEOS_DEPLOYMENT_TARGET = 15.0;
				LD_RUNPATH_SEARCH_PATHS = (
					"$(inherited)",
					"@executable_path/Frameworks",
				);
				MARKETING_VERSION = 1.0;
				PRODUCT_BUNDLE_IDENTIFIER = com.sivakumar.appdev;
				PRODUCT_NAME = "$(TARGET_NAME)";
				SUPPORTED_PLATFORMS = "iphoneos iphonesimulator";
				SUPPORTS_MACCATALYST = NO;
				SUPPORTS_MAC_DESIGNED_FOR_IPHONE_IPAD = NO;
				SUPPORTS_XR_DESIGNED_FOR_IPHONE_IPAD = NO;
				SWIFT_EMIT_LOC_STRINGS = YES;
				SWIFT_VERSION = 5.0;
				TARGETED_DEVICE_FAMILY = "1,2";
			};
			name = Release;
		};
		01961BEC2D421FF200E52E0F /* Debug */ = {
			isa = XCBuildConfiguration;
			buildSettings = {
				ALWAYS_EMBED_SWIFT_STANDARD_LIBRARIES = YES;
				BUNDLE_LOADER = "$(TEST_HOST)";
				CODE_SIGN_STYLE = Automatic;
				CURRENT_PROJECT_VERSION = 1;
				GENERATE_INFOPLIST_FILE = YES;
				IPHONEOS_DEPLOYMENT_TARGET = 17.5;
				MARKETING_VERSION = 1.0;
				PRODUCT_BUNDLE_IDENTIFIER = com.sivakumar.appdevTests;
				PRODUCT_NAME = "$(TARGET_NAME)";
				SWIFT_EMIT_LOC_STRINGS = NO;
				SWIFT_VERSION = 5.0;
				TARGETED_DEVICE_FAMILY = "1,2";
				TEST_HOST = "$(BUILT_PRODUCTS_DIR)/appdev.app/$(BUNDLE_EXECUTABLE_FOLDER_PATH)/appdev";
			};
			name = Debug;
		};
		01961BED2D421FF200E52E0F /* Release */ = {
			isa = XCBuildConfiguration;
			buildSettings = {
				ALWAYS_EMBED_SWIFT_STANDARD_LIBRARIES = YES;
				BUNDLE_LOADER = "$(TEST_HOST)";
				CODE_SIGN_STYLE = Automatic;
				CURRENT_PROJECT_VERSION = 1;
				GENERATE_INFOPLIST_FILE = YES;
				IPHONEOS_DEPLOYMENT_TARGET = 17.5;
				MARKETING_VERSION = 1.0;
				PRODUCT_BUNDLE_IDENTIFIER = com.sivakumar.appdevTests;
				PRODUCT_NAME = "$(TARGET_NAME)";
				SWIFT_EMIT_LOC_STRINGS = NO;
				SWIFT_VERSION = 5.0;
				TARGETED_DEVICE_FAMILY = "1,2";
				TEST_HOST = "$(BUILT_PRODUCTS_DIR)/appdev.app/$(BUNDLE_EXECUTABLE_FOLDER_PATH)/appdev";
			};
			name = Release;
		};
		01961BEF2D421FF200E52E0F /* Debug */ = {
			isa = XCBuildConfiguration;
			buildSettings = {
				ALWAYS_EMBED_SWIFT_STANDARD_LIBRARIES = YES;
				CODE_SIGN_STYLE = Automatic;
				CURRENT_PROJECT_VERSION = 1;
				GENERATE_INFOPLIST_FILE = YES;
				MARKETING_VERSION = 1.0;
				PRODUCT_BUNDLE_IDENTIFIER = com.sivakumar.appdevUITests;
				PRODUCT_NAME = "$(TARGET_NAME)";
				SWIFT_EMIT_LOC_STRINGS = NO;
				SWIFT_VERSION = 5.0;
				TARGETED_DEVICE_FAMILY = "1,2";
				TEST_TARGET_NAME = appdev;
			};
			name = Debug;
		};
		01961BF02D421FF200E52E0F /* Release */ = {
			isa = XCBuildConfiguration;
			buildSettings = {
				ALWAYS_EMBED_SWIFT_STANDARD_LIBRARIES = YES;
				CODE_SIGN_STYLE = Automatic;
				CURRENT_PROJECT_VERSION = 1;
				GENERATE_INFOPLIST_FILE = YES;
				MARKETING_VERSION = 1.0;
				PRODUCT_BUNDLE_IDENTIFIER = com.sivakumar.appdevUITests;
				PRODUCT_NAME = "$(TARGET_NAME)";
				SWIFT_EMIT_LOC_STRINGS = NO;
				SWIFT_VERSION = 5.0;
				TARGETED_DEVICE_FAMILY = "1,2";
				TEST_TARGET_NAME = appdev;
			};
			name = Release;
		};
/* End XCBuildConfiguration section */

/* Begin XCConfigurationList section */
		01961BB62D421FEF00E52E0F /* Build configuration list for PBXProject "appdev" */ = {
			isa = XCConfigurationList;
			buildConfigurations = (
				01961BE62D421FF200E52E0F /* Debug */,
				01961BE72D421FF200E52E0F /* Release */,
			);
			defaultConfigurationIsVisible = 0;
			defaultConfigurationName = Release;
		};
		01961BE82D421FF200E52E0F /* Build configuration list for PBXNativeTarget "appdev" */ = {
			isa = XCConfigurationList;
			buildConfigurations = (
				01961BE92D421FF200E52E0F /* Debug */,
				01961BEA2D421FF200E52E0F /* Release */,
			);
			defaultConfigurationIsVisible = 0;
			defaultConfigurationName = Release;
		};
		01961BEB2D421FF200E52E0F /* Build configuration list for PBXNativeTarget "appdevTests" */ = {
			isa = XCConfigurationList;
			buildConfigurations = (
				01961BEC2D421FF200E52E0F /* Debug */,
				01961BED2D421FF200E52E0F /* Release */,
			);
			defaultConfigurationIsVisible = 0;
			defaultConfigurationName = Release;
		};
		01961BEE2D421FF200E52E0F /* Build configuration list for PBXNativeTarget "appdevUITests" */ = {
			isa = XCConfigurationList;
			buildConfigurations = (
				01961BEF2D421FF200E52E0F /* Debug */,
				01961BF02D421FF200E52E0F /* Release */,
			);
			defaultConfigurationIsVisible = 0;
			defaultConfigurationName = Release;
		};
/* End XCConfigurationList section */

/* Begin XCRemoteSwiftPackageReference section */
		0120821F2D5F1C880067F979 /* XCRemoteSwiftPackageReference "GoogleSignIn-iOS" */ = {
			isa = XCRemoteSwiftPackageReference;
			repositoryURL = "https://github.com/google/GoogleSignIn-iOS";
			requirement = {
				kind = upToNextMajorVersion;
				minimumVersion = 8.0.0;
			};
		};
		01A405522D561C4500138B18 /* XCRemoteSwiftPackageReference "firebase-ios-sdk" */ = {
			isa = XCRemoteSwiftPackageReference;
			repositoryURL = "https://github.com/firebase/firebase-ios-sdk";
			requirement = {
				kind = upToNextMajorVersion;
				minimumVersion = 11.8.1;
			};
		};
/* End XCRemoteSwiftPackageReference section */

/* Begin XCSwiftPackageProductDependency section */
		012082202D5F1C880067F979 /* GoogleSignIn */ = {
			isa = XCSwiftPackageProductDependency;
			package = 0120821F2D5F1C880067F979 /* XCRemoteSwiftPackageReference "GoogleSignIn-iOS" */;
			productName = GoogleSignIn;
		};
		012082222D5F1C880067F979 /* GoogleSignInSwift */ = {
			isa = XCSwiftPackageProductDependency;
			package = 0120821F2D5F1C880067F979 /* XCRemoteSwiftPackageReference "GoogleSignIn-iOS" */;
			productName = GoogleSignInSwift;
		};
		0192A5AD2D561FF7007D9236 /* FirebaseAuth */ = {
			isa = XCSwiftPackageProductDependency;
			package = 01A405522D561C4500138B18 /* XCRemoteSwiftPackageReference "firebase-ios-sdk" */;
			productName = FirebaseAuth;
		};
		0192A5AF2D561FF7007D9236 /* FirebaseCore */ = {
			isa = XCSwiftPackageProductDependency;
			package = 01A405522D561C4500138B18 /* XCRemoteSwiftPackageReference "firebase-ios-sdk" */;
			productName = FirebaseCore;
		};
/* End XCSwiftPackageProductDependency section */

/* Begin XCVersionGroup section */
		01961BC72D421FEF00E52E0F /* appdev.xcdatamodeld */ = {
			isa = XCVersionGroup;
			children = (
				01961BC82D421FEF00E52E0F /* appdev.xcdatamodel */,
			);
			currentVersion = 01961BC82D421FEF00E52E0F /* appdev.xcdatamodel */;
			path = appdev.xcdatamodeld;
			sourceTree = "<group>";
			versionGroupType = wrapper.xcdatamodel;
		};
/* End XCVersionGroup section */
	};
	rootObject = 01961BB32D421FEF00E52E0F /* Project object */;
}
